{
  "name": "dep-gate-tarball-dep",
  "version": "1.0.0",
  "lockfileVersion": 3,
  "requires": true,
  "packages": {
    "": {
      "name": "dep-gate-tarball-dep",
      "version": "1.0.0",
      "dependencies": {
        "is-number": "https://codeload.github.com/jonschlinkert/is-number/tar.gz/refs/tags/7.0.0",
        "lodash": "4.17.20"
      }
    },
    "node_modules/is-number": {
      "version": "7.0.0",
      "resolved": "https://codeload.github.com/jonschlinkert/is-number/tar.gz/refs/tags/7.0.0",
      "integrity": "sha512-XZXwf1j1jIlb8at2aPrlGF9A3AL8n29+r84H/E8KP6zjbMkQSDHUlAbAjxr/n9KWO/JPdZ8hd6zcQAs30yzXuw==",
      "license": "MIT",
      "engines": {
        "node": ">=0.12.0"
      }
    },
    "node_modules/lodash": {
      "version": "4.17.20",
      "resolved": "https://registry.npmjs.org/lodash/-/lodash-4.17.20.tgz",
      "integrity": "sha512-PlhdFcillOINfeV7Ni6oF1TAEayyZBoZ8bcshTHqOYJYlrqzRK5hagpagky5o4HfCzzd1TRkXPMFq6cKk9rGmA==",
      "license": "MIT"
    }
  }
}
